// !$*UTF8*$!
{
	archiveVersion = 1;
	classes = {
	};
	objectVersion = 46;
	objects = {

/* Begin PBXBuildFile section */
		0194E4B8734029D59F357AE0 /* Pods_PettyCash.framework in Frameworks */ = {isa = PBXBuildFile; fileRef = 5875ADB5E6F194948E4C0A9A /* Pods_PettyCash.framework */; };
		0321727D1D9DB79B001D04E7 /* Goal.swift in Sources */ = {isa = PBXBuildFile; fileRef = 0321727C1D9DB79B001D04E7 /* Goal.swift */; };
		0321727E1D9DB79B001D04E7 /* Goal.swift in Sources */ = {isa = PBXBuildFile; fileRef = 0321727C1D9DB79B001D04E7 /* Goal.swift */; };
		032172801D9DB7F2001D04E7 /* Transaction.swift in Sources */ = {isa = PBXBuildFile; fileRef = 0321727F1D9DB7F2001D04E7 /* Transaction.swift */; };
		032172811D9DB7F2001D04E7 /* Transaction.swift in Sources */ = {isa = PBXBuildFile; fileRef = 0321727F1D9DB7F2001D04E7 /* Transaction.swift */; };
		032172831D9DBC94001D04E7 /* GoalModelTests.swift in Sources */ = {isa = PBXBuildFile; fileRef = 032172821D9DBC94001D04E7 /* GoalModelTests.swift */; };
		032172851D9DD090001D04E7 /* TransactionModelTests.swift in Sources */ = {isa = PBXBuildFile; fileRef = 032172841D9DD090001D04E7 /* TransactionModelTests.swift */; };
		032172871D9DD5CB001D04E7 /* Extensions.swift in Sources */ = {isa = PBXBuildFile; fileRef = 032172861D9DD5CB001D04E7 /* Extensions.swift */; };
		03708F971D90F6300088BA20 /* CloudKit.framework in Frameworks */ = {isa = PBXBuildFile; fileRef = 03708F961D90F6300088BA20 /* CloudKit.framework */; };
		03B25D4F1DB13ED900F0661C /* RootMenuViewController.swift in Sources */ = {isa = PBXBuildFile; fileRef = 03B25D4E1DB13ED900F0661C /* RootMenuViewController.swift */; };
		03BAFD8B1D81D81D00B592C8 /* AppDelegate.swift in Sources */ = {isa = PBXBuildFile; fileRef = 03BAFD8A1D81D81D00B592C8 /* AppDelegate.swift */; };
		03BAFD8D1D81D81D00B592C8 /* GameScene.sks in Resources */ = {isa = PBXBuildFile; fileRef = 03BAFD8C1D81D81D00B592C8 /* GameScene.sks */; };
		03BAFD8F1D81D81D00B592C8 /* GameScene.swift in Sources */ = {isa = PBXBuildFile; fileRef = 03BAFD8E1D81D81D00B592C8 /* GameScene.swift */; };
		03BAFD911D81D81D00B592C8 /* GameViewController.swift in Sources */ = {isa = PBXBuildFile; fileRef = 03BAFD901D81D81D00B592C8 /* GameViewController.swift */; };
		03BAFD941D81D81D00B592C8 /* Main.storyboard in Resources */ = {isa = PBXBuildFile; fileRef = 03BAFD921D81D81D00B592C8 /* Main.storyboard */; };
		03BAFD961D81D81D00B592C8 /* Assets.xcassets in Resources */ = {isa = PBXBuildFile; fileRef = 03BAFD951D81D81D00B592C8 /* Assets.xcassets */; };
		03BAFD991D81D81D00B592C8 /* LaunchScreen.storyboard in Resources */ = {isa = PBXBuildFile; fileRef = 03BAFD971D81D81D00B592C8 /* LaunchScreen.storyboard */; };
		03BAFDA41D81D81D00B592C8 /* PettyCashTests.swift in Sources */ = {isa = PBXBuildFile; fileRef = 03BAFDA31D81D81D00B592C8 /* PettyCashTests.swift */; };
		03BAFDAF1D81D81E00B592C8 /* PettyCashUITests.swift in Sources */ = {isa = PBXBuildFile; fileRef = 03BAFDAE1D81D81E00B592C8 /* PettyCashUITests.swift */; };
		60D8EF1E32BD15F022F9447D /* Pods_PettyCashTests.framework in Frameworks */ = {isa = PBXBuildFile; fileRef = A13FA6AE2347E14ED1D4D60C /* Pods_PettyCashTests.framework */; };
		901BAFA61DA6E5CC0083EA97 /* Pet.swift in Sources */ = {isa = PBXBuildFile; fileRef = 901BAFA51DA6E5CC0083EA97 /* Pet.swift */; };
		901BAFA71DA6E5CC0083EA97 /* Pet.swift in Sources */ = {isa = PBXBuildFile; fileRef = 901BAFA51DA6E5CC0083EA97 /* Pet.swift */; };
		901BAFA81DA6E5CC0083EA97 /* Pet.swift in Sources */ = {isa = PBXBuildFile; fileRef = 901BAFA51DA6E5CC0083EA97 /* Pet.swift */; };
/* End PBXBuildFile section */

/* Begin PBXContainerItemProxy section */
		03BAFDA01D81D81D00B592C8 /* PBXContainerItemProxy */ = {
			isa = PBXContainerItemProxy;
			containerPortal = 03BAFD7F1D81D81D00B592C8 /* Project object */;
			proxyType = 1;
			remoteGlobalIDString = 03BAFD861D81D81D00B592C8;
			remoteInfo = PettyCash;
		};
		03BAFDAB1D81D81D00B592C8 /* PBXContainerItemProxy */ = {
			isa = PBXContainerItemProxy;
			containerPortal = 03BAFD7F1D81D81D00B592C8 /* Project object */;
			proxyType = 1;
			remoteGlobalIDString = 03BAFD861D81D81D00B592C8;
			remoteInfo = PettyCash;
		};
/* End PBXContainerItemProxy section */

/* Begin PBXFileReference section */
		0321727C1D9DB79B001D04E7 /* Goal.swift */ = {isa = PBXFileReference; fileEncoding = 4; lastKnownFileType = sourcecode.swift; path = Goal.swift; sourceTree = "<group>"; };
		0321727F1D9DB7F2001D04E7 /* Transaction.swift */ = {isa = PBXFileReference; fileEncoding = 4; lastKnownFileType = sourcecode.swift; path = Transaction.swift; sourceTree = "<group>"; };
		032172821D9DBC94001D04E7 /* GoalModelTests.swift */ = {isa = PBXFileReference; fileEncoding = 4; lastKnownFileType = sourcecode.swift; path = GoalModelTests.swift; sourceTree = "<group>"; };
		032172841D9DD090001D04E7 /* TransactionModelTests.swift */ = {isa = PBXFileReference; fileEncoding = 4; lastKnownFileType = sourcecode.swift; path = TransactionModelTests.swift; sourceTree = "<group>"; };
		032172861D9DD5CB001D04E7 /* Extensions.swift */ = {isa = PBXFileReference; fileEncoding = 4; lastKnownFileType = sourcecode.swift; path = Extensions.swift; sourceTree = "<group>"; };
		03708F951D90F61A0088BA20 /* PettyCash.entitlements */ = {isa = PBXFileReference; lastKnownFileType = text.plist.entitlements; path = PettyCash.entitlements; sourceTree = "<group>"; };
		03708F961D90F6300088BA20 /* CloudKit.framework */ = {isa = PBXFileReference; lastKnownFileType = wrapper.framework; name = CloudKit.framework; path = System/Library/Frameworks/CloudKit.framework; sourceTree = SDKROOT; };
		03B25D4E1DB13ED900F0661C /* RootMenuViewController.swift */ = {isa = PBXFileReference; fileEncoding = 4; lastKnownFileType = sourcecode.swift; path = RootMenuViewController.swift; sourceTree = "<group>"; };
		03BAFD871D81D81D00B592C8 /* PettyCash.app */ = {isa = PBXFileReference; explicitFileType = wrapper.application; includeInIndex = 0; path = PettyCash.app; sourceTree = BUILT_PRODUCTS_DIR; };
		03BAFD8A1D81D81D00B592C8 /* AppDelegate.swift */ = {isa = PBXFileReference; lastKnownFileType = sourcecode.swift; path = AppDelegate.swift; sourceTree = "<group>"; };
		03BAFD8C1D81D81D00B592C8 /* GameScene.sks */ = {isa = PBXFileReference; lastKnownFileType = file.sks; path = GameScene.sks; sourceTree = "<group>"; };
		03BAFD8E1D81D81D00B592C8 /* GameScene.swift */ = {isa = PBXFileReference; lastKnownFileType = sourcecode.swift; path = GameScene.swift; sourceTree = "<group>"; };
		03BAFD901D81D81D00B592C8 /* GameViewController.swift */ = {isa = PBXFileReference; lastKnownFileType = sourcecode.swift; path = GameViewController.swift; sourceTree = "<group>"; };
		03BAFD931D81D81D00B592C8 /* Base */ = {isa = PBXFileReference; lastKnownFileType = file.storyboard; name = Base; path = Base.lproj/Main.storyboard; sourceTree = "<group>"; };
		03BAFD951D81D81D00B592C8 /* Assets.xcassets */ = {isa = PBXFileReference; lastKnownFileType = folder.assetcatalog; path = Assets.xcassets; sourceTree = "<group>"; };
		03BAFD981D81D81D00B592C8 /* Base */ = {isa = PBXFileReference; lastKnownFileType = file.storyboard; name = Base; path = Base.lproj/LaunchScreen.storyboard; sourceTree = "<group>"; };
		03BAFD9A1D81D81D00B592C8 /* Info.plist */ = {isa = PBXFileReference; lastKnownFileType = text.plist.xml; path = Info.plist; sourceTree = "<group>"; };
		03BAFD9F1D81D81D00B592C8 /* PettyCashTests.xctest */ = {isa = PBXFileReference; explicitFileType = wrapper.cfbundle; includeInIndex = 0; path = PettyCashTests.xctest; sourceTree = BUILT_PRODUCTS_DIR; };
		03BAFDA31D81D81D00B592C8 /* PettyCashTests.swift */ = {isa = PBXFileReference; lastKnownFileType = sourcecode.swift; path = PettyCashTests.swift; sourceTree = "<group>"; };
		03BAFDA51D81D81D00B592C8 /* Info.plist */ = {isa = PBXFileReference; lastKnownFileType = text.plist.xml; path = Info.plist; sourceTree = "<group>"; };
		03BAFDAA1D81D81D00B592C8 /* PettyCashUITests.xctest */ = {isa = PBXFileReference; explicitFileType = wrapper.cfbundle; includeInIndex = 0; path = PettyCashUITests.xctest; sourceTree = BUILT_PRODUCTS_DIR; };
		03BAFDAE1D81D81E00B592C8 /* PettyCashUITests.swift */ = {isa = PBXFileReference; lastKnownFileType = sourcecode.swift; path = PettyCashUITests.swift; sourceTree = "<group>"; };
		03BAFDB01D81D81E00B592C8 /* Info.plist */ = {isa = PBXFileReference; lastKnownFileType = text.plist.xml; path = Info.plist; sourceTree = "<group>"; };
		03F9AA3B1D8F6E78003A802D /* QuartzCore.framework */ = {isa = PBXFileReference; lastKnownFileType = wrapper.framework; name = QuartzCore.framework; path = System/Library/Frameworks/QuartzCore.framework; sourceTree = SDKROOT; };
		03F9AA3D1D8F6E80003A802D /* CoreGraphics.framework */ = {isa = PBXFileReference; lastKnownFileType = wrapper.framework; name = CoreGraphics.framework; path = System/Library/Frameworks/CoreGraphics.framework; sourceTree = SDKROOT; };
		3D01624CEBF6273E193E392F /* Pods-PettyCashTests.release.xcconfig */ = {isa = PBXFileReference; includeInIndex = 1; lastKnownFileType = text.xcconfig; name = "Pods-PettyCashTests.release.xcconfig"; path = "Pods/Target Support Files/Pods-PettyCashTests/Pods-PettyCashTests.release.xcconfig"; sourceTree = "<group>"; };
		3F7CD0BA553EF3AA37179159 /* Pods-PettyCashTests.debug.xcconfig */ = {isa = PBXFileReference; includeInIndex = 1; lastKnownFileType = text.xcconfig; name = "Pods-PettyCashTests.debug.xcconfig"; path = "Pods/Target Support Files/Pods-PettyCashTests/Pods-PettyCashTests.debug.xcconfig"; sourceTree = "<group>"; };
		57B3AE64E35C86902DFAFB9E /* Pods-PettyCash.debug.xcconfig */ = {isa = PBXFileReference; includeInIndex = 1; lastKnownFileType = text.xcconfig; name = "Pods-PettyCash.debug.xcconfig"; path = "Pods/Target Support Files/Pods-PettyCash/Pods-PettyCash.debug.xcconfig"; sourceTree = "<group>"; };
		5875ADB5E6F194948E4C0A9A /* Pods_PettyCash.framework */ = {isa = PBXFileReference; explicitFileType = wrapper.framework; includeInIndex = 0; path = Pods_PettyCash.framework; sourceTree = BUILT_PRODUCTS_DIR; };
		901BAFA51DA6E5CC0083EA97 /* Pet.swift */ = {isa = PBXFileReference; fileEncoding = 4; lastKnownFileType = sourcecode.swift; path = Pet.swift; sourceTree = "<group>"; };
		A13FA6AE2347E14ED1D4D60C /* Pods_PettyCashTests.framework */ = {isa = PBXFileReference; explicitFileType = wrapper.framework; includeInIndex = 0; path = Pods_PettyCashTests.framework; sourceTree = BUILT_PRODUCTS_DIR; };
		DB0F05AF281BC05D8E7DA55C /* Pods-PettyCash.release.xcconfig */ = {isa = PBXFileReference; includeInIndex = 1; lastKnownFileType = text.xcconfig; name = "Pods-PettyCash.release.xcconfig"; path = "Pods/Target Support Files/Pods-PettyCash/Pods-PettyCash.release.xcconfig"; sourceTree = "<group>"; };
/* End PBXFileReference section */

/* Begin PBXFrameworksBuildPhase section */
		03BAFD841D81D81D00B592C8 /* Frameworks */ = {
			isa = PBXFrameworksBuildPhase;
			buildActionMask = 2147483647;
			files = (
				0194E4B8734029D59F357AE0 /* Pods_PettyCash.framework in Frameworks */,
				03708F971D90F6300088BA20 /* CloudKit.framework in Frameworks */,
			);
			runOnlyForDeploymentPostprocessing = 0;
		};
		03BAFD9C1D81D81D00B592C8 /* Frameworks */ = {
			isa = PBXFrameworksBuildPhase;
			buildActionMask = 2147483647;
			files = (
				60D8EF1E32BD15F022F9447D /* Pods_PettyCashTests.framework in Frameworks */,
			);
			runOnlyForDeploymentPostprocessing = 0;
		};
		03BAFDA71D81D81D00B592C8 /* Frameworks */ = {
			isa = PBXFrameworksBuildPhase;
			buildActionMask = 2147483647;
			files = (
			);
			runOnlyForDeploymentPostprocessing = 0;
		};
/* End PBXFrameworksBuildPhase section */

/* Begin PBXGroup section */
		032172761D9DB5CC001D04E7 /* Models 🛠 */ = {
			isa = PBXGroup;
			children = (
				0321727C1D9DB79B001D04E7 /* Goal.swift */,
				0321727F1D9DB7F2001D04E7 /* Transaction.swift */,
				901BAFA51DA6E5CC0083EA97 /* Pet.swift */,
			);
			name = "Models 🛠";
			sourceTree = "<group>";
		};
		032172771D9DB5D7001D04E7 /* View Controllers 🎨 */ = {
			isa = PBXGroup;
			children = (
				03B25D4E1DB13ED900F0661C /* RootMenuViewController.swift */,
				03BAFD901D81D81D00B592C8 /* GameViewController.swift */,
			);
			name = "View Controllers 🎨";
			sourceTree = "<group>";
		};
		032172781D9DB5DF001D04E7 /* Controllers 🚦 */ = {
			isa = PBXGroup;
			children = (
			);
			name = "Controllers 🚦";
			sourceTree = "<group>";
		};
		032172791D9DB5F1001D04E7 /* Engines 🚀 */ = {
			isa = PBXGroup;
			children = (
			);
			name = "Engines 🚀";
			sourceTree = "<group>";
		};
		0321727A1D9DB5F7001D04E7 /* Views 🌅 */ = {
			isa = PBXGroup;
			children = (
				03BAFD921D81D81D00B592C8 /* Main.storyboard */,
				03BAFD8C1D81D81D00B592C8 /* GameScene.sks */,
				03BAFD8E1D81D81D00B592C8 /* GameScene.swift */,
			);
			name = "Views 🌅";
			sourceTree = "<group>";
		};
		0321727B1D9DB676001D04E7 /* Misc. 🔰 */ = {
			isa = PBXGroup;
			children = (
				032172861D9DD5CB001D04E7 /* Extensions.swift */,
				03708F951D90F61A0088BA20 /* PettyCash.entitlements */,
				03BAFD971D81D81D00B592C8 /* LaunchScreen.storyboard */,
				03BAFD951D81D81D00B592C8 /* Assets.xcassets */,
				03BAFD9A1D81D81D00B592C8 /* Info.plist */,
			);
			name = "Misc. 🔰";
			sourceTree = "<group>";
		};
		03BAFD7E1D81D81D00B592C8 = {
			isa = PBXGroup;
			children = (
				03BAFD891D81D81D00B592C8 /* PettyCash */,
				03BAFDA21D81D81D00B592C8 /* PettyCashTests */,
				03BAFDAD1D81D81D00B592C8 /* PettyCashUITests */,
				03BAFD881D81D81D00B592C8 /* Products */,
				1AE4583DE33A0C88952CE63A /* Pods */,
				88E5683EFC78B95C8712B21F /* Frameworks */,
			);
			sourceTree = "<group>";
		};
		03BAFD881D81D81D00B592C8 /* Products */ = {
			isa = PBXGroup;
			children = (
				03BAFD871D81D81D00B592C8 /* PettyCash.app */,
				03BAFD9F1D81D81D00B592C8 /* PettyCashTests.xctest */,
				03BAFDAA1D81D81D00B592C8 /* PettyCashUITests.xctest */,
			);
			name = Products;
			sourceTree = "<group>";
		};
		03BAFD891D81D81D00B592C8 /* PettyCash */ = {
			isa = PBXGroup;
			children = (
				03BAFD8A1D81D81D00B592C8 /* AppDelegate.swift */,
				032172761D9DB5CC001D04E7 /* Models 🛠 */,
				0321727A1D9DB5F7001D04E7 /* Views 🌅 */,
				032172781D9DB5DF001D04E7 /* Controllers 🚦 */,
				032172771D9DB5D7001D04E7 /* View Controllers 🎨 */,
				032172791D9DB5F1001D04E7 /* Engines 🚀 */,
				0321727B1D9DB676001D04E7 /* Misc. 🔰 */,
			);
			path = PettyCash;
			sourceTree = "<group>";
		};
		03BAFDA21D81D81D00B592C8 /* PettyCashTests */ = {
			isa = PBXGroup;
			children = (
				032172821D9DBC94001D04E7 /* GoalModelTests.swift */,
				032172841D9DD090001D04E7 /* TransactionModelTests.swift */,
				03BAFDA31D81D81D00B592C8 /* PettyCashTests.swift */,
				03BAFDA51D81D81D00B592C8 /* Info.plist */,
			);
			path = PettyCashTests;
			sourceTree = "<group>";
		};
		03BAFDAD1D81D81D00B592C8 /* PettyCashUITests */ = {
			isa = PBXGroup;
			children = (
				03BAFDAE1D81D81E00B592C8 /* PettyCashUITests.swift */,
				03BAFDB01D81D81E00B592C8 /* Info.plist */,
			);
			path = PettyCashUITests;
			sourceTree = "<group>";
		};
		1AE4583DE33A0C88952CE63A /* Pods */ = {
			isa = PBXGroup;
			children = (
				57B3AE64E35C86902DFAFB9E /* Pods-PettyCash.debug.xcconfig */,
				DB0F05AF281BC05D8E7DA55C /* Pods-PettyCash.release.xcconfig */,
				3F7CD0BA553EF3AA37179159 /* Pods-PettyCashTests.debug.xcconfig */,
				3D01624CEBF6273E193E392F /* Pods-PettyCashTests.release.xcconfig */,
			);
			name = Pods;
			sourceTree = "<group>";
		};
		88E5683EFC78B95C8712B21F /* Frameworks */ = {
			isa = PBXGroup;
			children = (
				03708F961D90F6300088BA20 /* CloudKit.framework */,
				03F9AA3D1D8F6E80003A802D /* CoreGraphics.framework */,
				03F9AA3B1D8F6E78003A802D /* QuartzCore.framework */,
				5875ADB5E6F194948E4C0A9A /* Pods_PettyCash.framework */,
				A13FA6AE2347E14ED1D4D60C /* Pods_PettyCashTests.framework */,
			);
			name = Frameworks;
			sourceTree = "<group>";
		};
/* End PBXGroup section */

/* Begin PBXNativeTarget section */
		03BAFD861D81D81D00B592C8 /* PettyCash */ = {
			isa = PBXNativeTarget;
			buildConfigurationList = 03BAFDB31D81D81E00B592C8 /* Build configuration list for PBXNativeTarget "PettyCash" */;
			buildPhases = (
				B60E0A6F05B3D79A606B122E /* [CP] Check Pods Manifest.lock */,
				03BAFD831D81D81D00B592C8 /* Sources */,
				03BAFD841D81D81D00B592C8 /* Frameworks */,
				03BAFD851D81D81D00B592C8 /* Resources */,
				F793A9CD4A083ABA3DFCE405 /* [CP] Embed Pods Frameworks */,
				43FCFAE52422C906F3230D93 /* [CP] Copy Pods Resources */,
			);
			buildRules = (
			);
			dependencies = (
			);
			name = PettyCash;
			productName = PettyCash;
			productReference = 03BAFD871D81D81D00B592C8 /* PettyCash.app */;
			productType = "com.apple.product-type.application";
		};
		03BAFD9E1D81D81D00B592C8 /* PettyCashTests */ = {
			isa = PBXNativeTarget;
			buildConfigurationList = 03BAFDB61D81D81E00B592C8 /* Build configuration list for PBXNativeTarget "PettyCashTests" */;
			buildPhases = (
				2033814ABADC6709B1C2CC67 /* [CP] Check Pods Manifest.lock */,
				03BAFD9B1D81D81D00B592C8 /* Sources */,
				03BAFD9C1D81D81D00B592C8 /* Frameworks */,
				03BAFD9D1D81D81D00B592C8 /* Resources */,
				6B9F6E763D6BC9D45C6852E0 /* [CP] Embed Pods Frameworks */,
				942C6CE435BB339C170A8164 /* [CP] Copy Pods Resources */,
			);
			buildRules = (
			);
			dependencies = (
				03BAFDA11D81D81D00B592C8 /* PBXTargetDependency */,
			);
			name = PettyCashTests;
			productName = PettyCashTests;
			productReference = 03BAFD9F1D81D81D00B592C8 /* PettyCashTests.xctest */;
			productType = "com.apple.product-type.bundle.unit-test";
		};
		03BAFDA91D81D81D00B592C8 /* PettyCashUITests */ = {
			isa = PBXNativeTarget;
			buildConfigurationList = 03BAFDB91D81D81E00B592C8 /* Build configuration list for PBXNativeTarget "PettyCashUITests" */;
			buildPhases = (
				03BAFDA61D81D81D00B592C8 /* Sources */,
				03BAFDA71D81D81D00B592C8 /* Frameworks */,
				03BAFDA81D81D81D00B592C8 /* Resources */,
			);
			buildRules = (
			);
			dependencies = (
				03BAFDAC1D81D81D00B592C8 /* PBXTargetDependency */,
			);
			name = PettyCashUITests;
			productName = PettyCashUITests;
			productReference = 03BAFDAA1D81D81D00B592C8 /* PettyCashUITests.xctest */;
			productType = "com.apple.product-type.bundle.ui-testing";
		};
/* End PBXNativeTarget section */

/* Begin PBXProject section */
		03BAFD7F1D81D81D00B592C8 /* Project object */ = {
			isa = PBXProject;
			attributes = {
				LastSwiftUpdateCheck = 0730;
				LastUpgradeCheck = 0800;
				ORGANIZATIONNAME = "Joshua O'Steen";
				TargetAttributes = {
					03BAFD861D81D81D00B592C8 = {
						CreatedOnToolsVersion = 7.3.1;
						DevelopmentTeam = P9T3VX888M;
						LastSwiftMigration = 0800;
						SystemCapabilities = {
							com.apple.DataProtection = {
								enabled = 1;
							};
							com.apple.Push = {
								enabled = 1;
							};
							com.apple.iCloud = {
								enabled = 1;
							};
						};
					};
					03BAFD9E1D81D81D00B592C8 = {
						CreatedOnToolsVersion = 7.3.1;
						DevelopmentTeam = P9T3VX888M;
						LastSwiftMigration = 0800;
						TestTargetID = 03BAFD861D81D81D00B592C8;
					};
					03BAFDA91D81D81D00B592C8 = {
						CreatedOnToolsVersion = 7.3.1;
						LastSwiftMigration = 0800;
						TestTargetID = 03BAFD861D81D81D00B592C8;
					};
				};
			};
			buildConfigurationList = 03BAFD821D81D81D00B592C8 /* Build configuration list for PBXProject "PettyCash" */;
			compatibilityVersion = "Xcode 3.2";
			developmentRegion = English;
			hasScannedForEncodings = 0;
			knownRegions = (
				en,
				Base,
			);
			mainGroup = 03BAFD7E1D81D81D00B592C8;
			productRefGroup = 03BAFD881D81D81D00B592C8 /* Products */;
			projectDirPath = "";
			projectRoot = "";
			targets = (
				03BAFD861D81D81D00B592C8 /* PettyCash */,
				03BAFD9E1D81D81D00B592C8 /* PettyCashTests */,
				03BAFDA91D81D81D00B592C8 /* PettyCashUITests */,
			);
		};
/* End PBXProject section */

/* Begin PBXResourcesBuildPhase section */
		03BAFD851D81D81D00B592C8 /* Resources */ = {
			isa = PBXResourcesBuildPhase;
			buildActionMask = 2147483647;
			files = (
				03BAFD8D1D81D81D00B592C8 /* GameScene.sks in Resources */,
				03BAFD991D81D81D00B592C8 /* LaunchScreen.storyboard in Resources */,
				03BAFD961D81D81D00B592C8 /* Assets.xcassets in Resources */,
				03BAFD941D81D81D00B592C8 /* Main.storyboard in Resources */,
			);
			runOnlyForDeploymentPostprocessing = 0;
		};
		03BAFD9D1D81D81D00B592C8 /* Resources */ = {
			isa = PBXResourcesBuildPhase;
			buildActionMask = 2147483647;
			files = (
			);
			runOnlyForDeploymentPostprocessing = 0;
		};
		03BAFDA81D81D81D00B592C8 /* Resources */ = {
			isa = PBXResourcesBuildPhase;
			buildActionMask = 2147483647;
			files = (
			);
			runOnlyForDeploymentPostprocessing = 0;
		};
/* End PBXResourcesBuildPhase section */

/* Begin PBXShellScriptBuildPhase section */
		2033814ABADC6709B1C2CC67 /* [CP] Check Pods Manifest.lock */ = {
			isa = PBXShellScriptBuildPhase;
			buildActionMask = 2147483647;
			files = (
			);
			inputPaths = (
			);
			name = "[CP] Check Pods Manifest.lock";
			outputPaths = (
			);
			runOnlyForDeploymentPostprocessing = 0;
			shellPath = /bin/sh;
			shellScript = "diff \"${PODS_ROOT}/../Podfile.lock\" \"${PODS_ROOT}/Manifest.lock\" > /dev/null\nif [[ $? != 0 ]] ; then\n    cat << EOM\nerror: The sandbox is not in sync with the Podfile.lock. Run 'pod install' or update your CocoaPods installation.\nEOM\n    exit 1\nfi\n";
			showEnvVarsInLog = 0;
		};
		43FCFAE52422C906F3230D93 /* [CP] Copy Pods Resources */ = {
			isa = PBXShellScriptBuildPhase;
			buildActionMask = 2147483647;
			files = (
			);
			inputPaths = (
			);
			name = "[CP] Copy Pods Resources";
			outputPaths = (
			);
			runOnlyForDeploymentPostprocessing = 0;
			shellPath = /bin/sh;
			shellScript = "\"${SRCROOT}/Pods/Target Support Files/Pods-PettyCash/Pods-PettyCash-resources.sh\"\n";
			showEnvVarsInLog = 0;
		};
		6B9F6E763D6BC9D45C6852E0 /* [CP] Embed Pods Frameworks */ = {
			isa = PBXShellScriptBuildPhase;
			buildActionMask = 2147483647;
			files = (
			);
			inputPaths = (
			);
			name = "[CP] Embed Pods Frameworks";
			outputPaths = (
			);
			runOnlyForDeploymentPostprocessing = 0;
			shellPath = /bin/sh;
			shellScript = "\"${SRCROOT}/Pods/Target Support Files/Pods-PettyCashTests/Pods-PettyCashTests-frameworks.sh\"\n";
			showEnvVarsInLog = 0;
		};
		942C6CE435BB339C170A8164 /* [CP] Copy Pods Resources */ = {
			isa = PBXShellScriptBuildPhase;
			buildActionMask = 2147483647;
			files = (
			);
			inputPaths = (
			);
			name = "[CP] Copy Pods Resources";
			outputPaths = (
			);
			runOnlyForDeploymentPostprocessing = 0;
			shellPath = /bin/sh;
			shellScript = "\"${SRCROOT}/Pods/Target Support Files/Pods-PettyCashTests/Pods-PettyCashTests-resources.sh\"\n";
			showEnvVarsInLog = 0;
		};
		B60E0A6F05B3D79A606B122E /* [CP] Check Pods Manifest.lock */ = {
			isa = PBXShellScriptBuildPhase;
			buildActionMask = 2147483647;
			files = (
			);
			inputPaths = (
			);
			name = "[CP] Check Pods Manifest.lock";
			outputPaths = (
			);
			runOnlyForDeploymentPostprocessing = 0;
			shellPath = /bin/sh;
			shellScript = "diff \"${PODS_ROOT}/../Podfile.lock\" \"${PODS_ROOT}/Manifest.lock\" > /dev/null\nif [[ $? != 0 ]] ; then\n    cat << EOM\nerror: The sandbox is not in sync with the Podfile.lock. Run 'pod install' or update your CocoaPods installation.\nEOM\n    exit 1\nfi\n";
			showEnvVarsInLog = 0;
		};
		F793A9CD4A083ABA3DFCE405 /* [CP] Embed Pods Frameworks */ = {
			isa = PBXShellScriptBuildPhase;
			buildActionMask = 2147483647;
			files = (
			);
			inputPaths = (
			);
			name = "[CP] Embed Pods Frameworks";
			outputPaths = (
			);
			runOnlyForDeploymentPostprocessing = 0;
			shellPath = /bin/sh;
			shellScript = "\"${SRCROOT}/Pods/Target Support Files/Pods-PettyCash/Pods-PettyCash-frameworks.sh\"\n";
			showEnvVarsInLog = 0;
		};
/* End PBXShellScriptBuildPhase section */

/* Begin PBXSourcesBuildPhase section */
		03BAFD831D81D81D00B592C8 /* Sources */ = {
			isa = PBXSourcesBuildPhase;
			buildActionMask = 2147483647;
			files = (
				901BAFA61DA6E5CC0083EA97 /* Pet.swift in Sources */,
				0321727D1D9DB79B001D04E7 /* Goal.swift in Sources */,
				032172871D9DD5CB001D04E7 /* Extensions.swift in Sources */,
				03B25D4F1DB13ED900F0661C /* RootMenuViewController.swift in Sources */,
				03BAFD8F1D81D81D00B592C8 /* GameScene.swift in Sources */,
				03BAFD911D81D81D00B592C8 /* GameViewController.swift in Sources */,
				03BAFD8B1D81D81D00B592C8 /* AppDelegate.swift in Sources */,
				032172801D9DB7F2001D04E7 /* Transaction.swift in Sources */,
			);
			runOnlyForDeploymentPostprocessing = 0;
		};
		03BAFD9B1D81D81D00B592C8 /* Sources */ = {
			isa = PBXSourcesBuildPhase;
			buildActionMask = 2147483647;
			files = (
				032172851D9DD090001D04E7 /* TransactionModelTests.swift in Sources */,
				0321727E1D9DB79B001D04E7 /* Goal.swift in Sources */,
				03BAFDA41D81D81D00B592C8 /* PettyCashTests.swift in Sources */,
				901BAFA71DA6E5CC0083EA97 /* Pet.swift in Sources */,
				032172831D9DBC94001D04E7 /* GoalModelTests.swift in Sources */,
				032172811D9DB7F2001D04E7 /* Transaction.swift in Sources */,
			);
			runOnlyForDeploymentPostprocessing = 0;
		};
		03BAFDA61D81D81D00B592C8 /* Sources */ = {
			isa = PBXSourcesBuildPhase;
			buildActionMask = 2147483647;
			files = (
				03BAFDAF1D81D81E00B592C8 /* PettyCashUITests.swift in Sources */,
				901BAFA81DA6E5CC0083EA97 /* Pet.swift in Sources */,
			);
			runOnlyForDeploymentPostprocessing = 0;
		};
/* End PBXSourcesBuildPhase section */

/* Begin PBXTargetDependency section */
		03BAFDA11D81D81D00B592C8 /* PBXTargetDependency */ = {
			isa = PBXTargetDependency;
			target = 03BAFD861D81D81D00B592C8 /* PettyCash */;
			targetProxy = 03BAFDA01D81D81D00B592C8 /* PBXContainerItemProxy */;
		};
		03BAFDAC1D81D81D00B592C8 /* PBXTargetDependency */ = {
			isa = PBXTargetDependency;
			target = 03BAFD861D81D81D00B592C8 /* PettyCash */;
			targetProxy = 03BAFDAB1D81D81D00B592C8 /* PBXContainerItemProxy */;
		};
/* End PBXTargetDependency section */

/* Begin PBXVariantGroup section */
		03BAFD921D81D81D00B592C8 /* Main.storyboard */ = {
			isa = PBXVariantGroup;
			children = (
				03BAFD931D81D81D00B592C8 /* Base */,
			);
			name = Main.storyboard;
			sourceTree = "<group>";
		};
		03BAFD971D81D81D00B592C8 /* LaunchScreen.storyboard */ = {
			isa = PBXVariantGroup;
			children = (
				03BAFD981D81D81D00B592C8 /* Base */,
			);
			name = LaunchScreen.storyboard;
			sourceTree = "<group>";
		};
/* End PBXVariantGroup section */

/* Begin XCBuildConfiguration section */
		03BAFDB11D81D81E00B592C8 /* Debug */ = {
			isa = XCBuildConfiguration;
			buildSettings = {
				ALWAYS_SEARCH_USER_PATHS = NO;
				CLANG_ANALYZER_NONNULL = YES;
				CLANG_CXX_LANGUAGE_STANDARD = "gnu++0x";
				CLANG_CXX_LIBRARY = "libc++";
				CLANG_ENABLE_MODULES = YES;
				CLANG_ENABLE_OBJC_ARC = YES;
				CLANG_WARN_BOOL_CONVERSION = YES;
				CLANG_WARN_CONSTANT_CONVERSION = YES;
				CLANG_WARN_DIRECT_OBJC_ISA_USAGE = YES_ERROR;
				CLANG_WARN_EMPTY_BODY = YES;
				CLANG_WARN_ENUM_CONVERSION = YES;
				CLANG_WARN_INFINITE_RECURSION = YES;
				CLANG_WARN_INT_CONVERSION = YES;
				CLANG_WARN_OBJC_ROOT_CLASS = YES_ERROR;
				CLANG_WARN_SUSPICIOUS_MOVE = YES;
				CLANG_WARN_UNREACHABLE_CODE = YES;
				CLANG_WARN__DUPLICATE_METHOD_MATCH = YES;
				"CODE_SIGN_IDENTITY[sdk=iphoneos*]" = "iPhone Developer";
				COPY_PHASE_STRIP = NO;
				DEBUG_INFORMATION_FORMAT = "dwarf-with-dsym";
				ENABLE_STRICT_OBJC_MSGSEND = YES;
				ENABLE_TESTABILITY = YES;
				GCC_C_LANGUAGE_STANDARD = gnu99;
				GCC_DYNAMIC_NO_PIC = NO;
				GCC_NO_COMMON_BLOCKS = YES;
				GCC_OPTIMIZATION_LEVEL = 0;
				GCC_PREPROCESSOR_DEFINITIONS = (
					"DEBUG=1",
					"$(inherited)",
				);
				GCC_WARN_64_TO_32_BIT_CONVERSION = YES;
				GCC_WARN_ABOUT_RETURN_TYPE = YES_ERROR;
				GCC_WARN_UNDECLARED_SELECTOR = YES;
				GCC_WARN_UNINITIALIZED_AUTOS = YES_AGGRESSIVE;
				GCC_WARN_UNUSED_FUNCTION = YES;
				GCC_WARN_UNUSED_VARIABLE = YES;
				IPHONEOS_DEPLOYMENT_TARGET = 9.3;
				MTL_ENABLE_DEBUG_INFO = YES;
				ONLY_ACTIVE_ARCH = YES;
				SDKROOT = iphoneos;
				SWIFT_OPTIMIZATION_LEVEL = "-Onone";
				TARGETED_DEVICE_FAMILY = "1,2";
			};
			name = Debug;
		};
		03BAFDB21D81D81E00B592C8 /* Release */ = {
			isa = XCBuildConfiguration;
			buildSettings = {
				ALWAYS_SEARCH_USER_PATHS = NO;
				CLANG_ANALYZER_NONNULL = YES;
				CLANG_CXX_LANGUAGE_STANDARD = "gnu++0x";
				CLANG_CXX_LIBRARY = "libc++";
				CLANG_ENABLE_MODULES = YES;
				CLANG_ENABLE_OBJC_ARC = YES;
				CLANG_WARN_BOOL_CONVERSION = YES;
				CLANG_WARN_CONSTANT_CONVERSION = YES;
				CLANG_WARN_DIRECT_OBJC_ISA_USAGE = YES_ERROR;
				CLANG_WARN_EMPTY_BODY = YES;
				CLANG_WARN_ENUM_CONVERSION = YES;
				CLANG_WARN_INFINITE_RECURSION = YES;
				CLANG_WARN_INT_CONVERSION = YES;
				CLANG_WARN_OBJC_ROOT_CLASS = YES_ERROR;
				CLANG_WARN_SUSPICIOUS_MOVE = YES;
				CLANG_WARN_UNREACHABLE_CODE = YES;
				CLANG_WARN__DUPLICATE_METHOD_MATCH = YES;
				"CODE_SIGN_IDENTITY[sdk=iphoneos*]" = "iPhone Developer";
				COPY_PHASE_STRIP = NO;
				DEBUG_INFORMATION_FORMAT = "dwarf-with-dsym";
				ENABLE_NS_ASSERTIONS = NO;
				ENABLE_STRICT_OBJC_MSGSEND = YES;
				GCC_C_LANGUAGE_STANDARD = gnu99;
				GCC_NO_COMMON_BLOCKS = YES;
				GCC_WARN_64_TO_32_BIT_CONVERSION = YES;
				GCC_WARN_ABOUT_RETURN_TYPE = YES_ERROR;
				GCC_WARN_UNDECLARED_SELECTOR = YES;
				GCC_WARN_UNINITIALIZED_AUTOS = YES_AGGRESSIVE;
				GCC_WARN_UNUSED_FUNCTION = YES;
				GCC_WARN_UNUSED_VARIABLE = YES;
				IPHONEOS_DEPLOYMENT_TARGET = 9.3;
				MTL_ENABLE_DEBUG_INFO = NO;
				SDKROOT = iphoneos;
				SWIFT_OPTIMIZATION_LEVEL = "-Owholemodule";
				TARGETED_DEVICE_FAMILY = "1,2";
				VALIDATE_PRODUCT = YES;
			};
			name = Release;
		};
		03BAFDB41D81D81E00B592C8 /* Debug */ = {
			isa = XCBuildConfiguration;
			baseConfigurationReference = 57B3AE64E35C86902DFAFB9E /* Pods-PettyCash.debug.xcconfig */;
			buildSettings = {
				ALWAYS_EMBED_SWIFT_STANDARD_LIBRARIES = YES;
				ASSETCATALOG_COMPILER_APPICON_NAME = AppIcon;
				CODE_SIGN_ENTITLEMENTS = PettyCash/PettyCash.entitlements;
				DEVELOPMENT_TEAM = P9T3VX888M;
				INFOPLIST_FILE = PettyCash/Info.plist;
				LD_RUNPATH_SEARCH_PATHS = "$(inherited) @executable_path/Frameworks";
				PRODUCT_BUNDLE_IDENTIFIER = com.capstone.fs2016.PettyCash;
				PRODUCT_NAME = "$(TARGET_NAME)";
				SWIFT_VERSION = 3.0;
			};
			name = Debug;
		};
		03BAFDB51D81D81E00B592C8 /* Release */ = {
			isa = XCBuildConfiguration;
			baseConfigurationReference = DB0F05AF281BC05D8E7DA55C /* Pods-PettyCash.release.xcconfig */;
			buildSettings = {
				ALWAYS_EMBED_SWIFT_STANDARD_LIBRARIES = YES;
				ASSETCATALOG_COMPILER_APPICON_NAME = AppIcon;
				CODE_SIGN_ENTITLEMENTS = PettyCash/PettyCash.entitlements;
				DEVELOPMENT_TEAM = P9T3VX888M;
				INFOPLIST_FILE = PettyCash/Info.plist;
				LD_RUNPATH_SEARCH_PATHS = "$(inherited) @executable_path/Frameworks";
				PRODUCT_BUNDLE_IDENTIFIER = com.capstone.fs2016.PettyCash;
				PRODUCT_NAME = "$(TARGET_NAME)";
				SWIFT_VERSION = 3.0;
			};
			name = Release;
		};
		03BAFDB71D81D81E00B592C8 /* Debug */ = {
			isa = XCBuildConfiguration;
			baseConfigurationReference = 3F7CD0BA553EF3AA37179159 /* Pods-PettyCashTests.debug.xcconfig */;
			buildSettings = {
				BUNDLE_LOADER = "$(TEST_HOST)";
				DEBUG_INFORMATION_FORMAT = dwarf;
				DEVELOPMENT_TEAM = P9T3VX888M;
				FRAMEWORK_SEARCH_PATHS = "$(inherited)";
				HEADER_SEARCH_PATHS = "";
				INFOPLIST_FILE = PettyCashTests/Info.plist;
				LD_RUNPATH_SEARCH_PATHS = "$(inherited) @executable_path/Frameworks @loader_path/Frameworks";
				PRODUCT_BUNDLE_IDENTIFIER = com.capstone.fs2016.PettyCashTests;
				PRODUCT_NAME = "$(TARGET_NAME)";
				SWIFT_INCLUDE_PATHS = "";
				SWIFT_VERSION = 3.0;
				TEST_HOST = "$(BUILT_PRODUCTS_DIR)/PettyCash.app/PettyCash";
			};
			name = Debug;
		};
		03BAFDB81D81D81E00B592C8 /* Release */ = {
			isa = XCBuildConfiguration;
			baseConfigurationReference = 3D01624CEBF6273E193E392F /* Pods-PettyCashTests.release.xcconfig */;
			buildSettings = {
				BUNDLE_LOADER = "$(TEST_HOST)";
				DEVELOPMENT_TEAM = P9T3VX888M;
				FRAMEWORK_SEARCH_PATHS = "$(inherited)";
				HEADER_SEARCH_PATHS = "";
				INFOPLIST_FILE = PettyCashTests/Info.plist;
				LD_RUNPATH_SEARCH_PATHS = "$(inherited) @executable_path/Frameworks @loader_path/Frameworks";
				PRODUCT_BUNDLE_IDENTIFIER = com.capstone.fs2016.PettyCashTests;
				PRODUCT_NAME = "$(TARGET_NAME)";
				SWIFT_INCLUDE_PATHS = "";
				SWIFT_VERSION = 3.0;
				TEST_HOST = "$(BUILT_PRODUCTS_DIR)/PettyCash.app/PettyCash";
			};
			name = Release;
		};
		03BAFDBA1D81D81E00B592C8 /* Debug */ = {
			isa = XCBuildConfiguration;
			buildSettings = {
				DEBUG_INFORMATION_FORMAT = dwarf;
				INFOPLIST_FILE = PettyCashUITests/Info.plist;
				LD_RUNPATH_SEARCH_PATHS = "$(inherited) @executable_path/Frameworks @loader_path/Frameworks";
				PRODUCT_BUNDLE_IDENTIFIER = com.capstone.fs2016.PettyCashUITests;
				PRODUCT_NAME = "$(TARGET_NAME)";
				SWIFT_VERSION = 3.0;
				TEST_TARGET_NAME = PettyCash;
			};
			name = Debug;
		};
		03BAFDBB1D81D81E00B592C8 /* Release */ = {
			isa = XCBuildConfiguration;
			buildSettings = {
				INFOPLIST_FILE = PettyCashUITests/Info.plist;
				LD_RUNPATH_SEARCH_PATHS = "$(inherited) @executable_path/Frameworks @loader_path/Frameworks";
				PRODUCT_BUNDLE_IDENTIFIER = com.capstone.fs2016.PettyCashUITests;
				PRODUCT_NAME = "$(TARGET_NAME)";
				SWIFT_VERSION = 3.0;
				TEST_TARGET_NAME = PettyCash;
			};
			name = Release;
		};
/* End XCBuildConfiguration section */

/* Begin XCConfigurationList section */
		03BAFD821D81D81D00B592C8 /* Build configuration list for PBXProject "PettyCash" */ = {
			isa = XCConfigurationList;
			buildConfigurations = (
				03BAFDB11D81D81E00B592C8 /* Debug */,
				03BAFDB21D81D81E00B592C8 /* Release */,
			);
			defaultConfigurationIsVisible = 0;
			defaultConfigurationName = Release;
		};
		03BAFDB31D81D81E00B592C8 /* Build configuration list for PBXNativeTarget "PettyCash" */ = {
			isa = XCConfigurationList;
			buildConfigurations = (
				03BAFDB41D81D81E00B592C8 /* Debug */,
				03BAFDB51D81D81E00B592C8 /* Release */,
			);
			defaultConfigurationIsVisible = 0;
			defaultConfigurationName = Release;
		};
		03BAFDB61D81D81E00B592C8 /* Build configuration list for PBXNativeTarget "PettyCashTests" */ = {
			isa = XCConfigurationList;
			buildConfigurations = (
				03BAFDB71D81D81E00B592C8 /* Debug */,
				03BAFDB81D81D81E00B592C8 /* Release */,
			);
			defaultConfigurationIsVisible = 0;
			defaultConfigurationName = Release;
		};
		03BAFDB91D81D81E00B592C8 /* Build configuration list for PBXNativeTarget "PettyCashUITests" */ = {
			isa = XCConfigurationList;
			buildConfigurations = (
				03BAFDBA1D81D81E00B592C8 /* Debug */,
				03BAFDBB1D81D81E00B592C8 /* Release */,
			);
			defaultConfigurationIsVisible = 0;
			defaultConfigurationName = Release;
		};
/* End XCConfigurationList section */
	};
	rootObject = 03BAFD7F1D81D81D00B592C8 /* Project object */;
}
